// !$*UTF8*$!
{
	archiveVersion = 1;
	classes = {
	};
	objectVersion = 50;
	objects = {

/* Begin PBXBuildFile section */
		A9A2626F244467AC00878C40 /* AppDelegate.swift in Sources */ = {isa = PBXBuildFile; fileRef = A9A2626E244467AC00878C40 /* AppDelegate.swift */; };
		A9A26271244467AD00878C40 /* SceneDelegate.swift in Sources */ = {isa = PBXBuildFile; fileRef = A9A26270244467AD00878C40 /* SceneDelegate.swift */; };
		A9A26273244467AD00878C40 /* ViewController.swift in Sources */ = {isa = PBXBuildFile; fileRef = A9A26272244467AD00878C40 /* ViewController.swift */; };
		A9A26276244467AD00878C40 /* Main.storyboard in Resources */ = {isa = PBXBuildFile; fileRef = A9A26274244467AD00878C40 /* Main.storyboard */; };
		A9A26278244467AF00878C40 /* Assets.xcassets in Resources */ = {isa = PBXBuildFile; fileRef = A9A26277244467AF00878C40 /* Assets.xcassets */; };
		A9A2627B244467AF00878C40 /* LaunchScreen.storyboard in Resources */ = {isa = PBXBuildFile; fileRef = A9A26279244467AF00878C40 /* LaunchScreen.storyboard */; };
		A9A26283244467F300878C40 /* MetalView.swift in Sources */ = {isa = PBXBuildFile; fileRef = A9A26282244467F300878C40 /* MetalView.swift */; };
		A9A2628524446A2100878C40 /* Renderer.swift in Sources */ = {isa = PBXBuildFile; fileRef = A9A2628424446A2100878C40 /* Renderer.swift */; };
		A9A2628724446E0000878C40 /* Shader.metal in Sources */ = {isa = PBXBuildFile; fileRef = A9A2628624446E0000878C40 /* Shader.metal */; };
/* End PBXBuildFile section */

/* Begin PBXFileReference section */
		A9A2626B244467AC00878C40 /* ZAGraphics.app */ = {isa = PBXFileReference; explicitFileType = wrapper.application; includeInIndex = 0; path = ZAGraphics.app; sourceTree = BUILT_PRODUCTS_DIR; };
		A9A2626E244467AC00878C40 /* AppDelegate.swift */ = {isa = PBXFileReference; lastKnownFileType = sourcecode.swift; path = AppDelegate.swift; sourceTree = "<group>"; };
		A9A26270244467AD00878C40 /* SceneDelegate.swift */ = {isa = PBXFileReference; lastKnownFileType = sourcecode.swift; path = SceneDelegate.swift; sourceTree = "<group>"; };
		A9A26272244467AD00878C40 /* ViewController.swift */ = {isa = PBXFileReference; lastKnownFileType = sourcecode.swift; path = ViewController.swift; sourceTree = "<group>"; };
		A9A26275244467AD00878C40 /* Base */ = {isa = PBXFileReference; lastKnownFileType = file.storyboard; name = Base; path = Base.lproj/Main.storyboard; sourceTree = "<group>"; };
		A9A26277244467AF00878C40 /* Assets.xcassets */ = {isa = PBXFileReference; lastKnownFileType = folder.assetcatalog; path = Assets.xcassets; sourceTree = "<group>"; };
		A9A2627A244467AF00878C40 /* Base */ = {isa = PBXFileReference; lastKnownFileType = file.storyboard; name = Base; path = Base.lproj/LaunchScreen.storyboard; sourceTree = "<group>"; };
		A9A2627C244467AF00878C40 /* Info.plist */ = {isa = PBXFileReference; lastKnownFileType = text.plist.xml; path = Info.plist; sourceTree = "<group>"; };
		A9A26282244467F300878C40 /* MetalView.swift */ = {isa = PBXFileReference; lastKnownFileType = sourcecode.swift; path = MetalView.swift; sourceTree = "<group>"; };
		A9A2628424446A2100878C40 /* Renderer.swift */ = {isa = PBXFileReference; lastKnownFileType = sourcecode.swift; path = Renderer.swift; sourceTree = "<group>"; };
		A9A2628624446E0000878C40 /* Shader.metal */ = {isa = PBXFileReference; lastKnownFileType = sourcecode.metal; path = Shader.metal; sourceTree = "<group>"; };
/* End PBXFileReference section */

/* Begin PBXFrameworksBuildPhase section */
		A9A26268244467AC00878C40 /* Frameworks */ = {
			isa = PBXFrameworksBuildPhase;
			buildActionMask = 2147483647;
			files = (
			);
			runOnlyForDeploymentPostprocessing = 0;
		};
/* End PBXFrameworksBuildPhase section */

/* Begin PBXGroup section */
		A9A26262244467AC00878C40 = {
			isa = PBXGroup;
			children = (
				A9A2626D244467AC00878C40 /* ZAGraphics */,
				A9A2626C244467AC00878C40 /* Products */,
			);
			sourceTree = "<group>";
		};
		A9A2626C244467AC00878C40 /* Products */ = {
			isa = PBXGroup;
			children = (
				A9A2626B244467AC00878C40 /* ZAGraphics.app */,
			);
			name = Products;
			sourceTree = "<group>";
		};
		A9A2626D244467AC00878C40 /* ZAGraphics */ = {
			isa = PBXGroup;
			children = (
				A9A2626E244467AC00878C40 /* AppDelegate.swift */,
				A9A26270244467AD00878C40 /* SceneDelegate.swift */,
				A9A26272244467AD00878C40 /* ViewController.swift */,
				A9A26274244467AD00878C40 /* Main.storyboard */,
				A9A26277244467AF00878C40 /* Assets.xcassets */,
				A9A26279244467AF00878C40 /* LaunchScreen.storyboard */,
				A9A2627C244467AF00878C40 /* Info.plist */,
				A9A26282244467F300878C40 /* MetalView.swift */,
				A9A2628424446A2100878C40 /* Renderer.swift */,
				A9A2628624446E0000878C40 /* Shader.metal */,
			);
			path = ZAGraphics;
			sourceTree = "<group>";
		};
/* End PBXGroup section */

/* Begin PBXNativeTarget section */
		A9A2626A244467AC00878C40 /* ZAGraphics */ = {
			isa = PBXNativeTarget;
			buildConfigurationList = A9A2627F244467AF00878C40 /* Build configuration list for PBXNativeTarget "ZAGraphics" */;
			buildPhases = (
				A9A26267244467AC00878C40 /* Sources */,
				A9A26268244467AC00878C40 /* Frameworks */,
				A9A26269244467AC00878C40 /* Resources */,
			);
			buildRules = (
			);
			dependencies = (
			);
			name = ZAGraphics;
			productName = ZAGraphics;
			productReference = A9A2626B244467AC00878C40 /* ZAGraphics.app */;
			productType = "com.apple.product-type.application";
		};
/* End PBXNativeTarget section */

/* Begin PBXProject section */
		A9A26263244467AC00878C40 /* Project object */ = {
			isa = PBXProject;
			attributes = {
				LastSwiftUpdateCheck = 1140;
				LastUpgradeCheck = 1140;
				ORGANIZATIONNAME = phucnh7;
				TargetAttributes = {
					A9A2626A244467AC00878C40 = {
						CreatedOnToolsVersion = 11.4;
					};
				};
			};
			buildConfigurationList = A9A26266244467AC00878C40 /* Build configuration list for PBXProject "ZAGraphics" */;
			compatibilityVersion = "Xcode 9.3";
			developmentRegion = en;
			hasScannedForEncodings = 0;
			knownRegions = (
				en,
				Base,
			);
			mainGroup = A9A26262244467AC00878C40;
			productRefGroup = A9A2626C244467AC00878C40 /* Products */;
			projectDirPath = "";
			projectRoot = "";
			targets = (
				A9A2626A244467AC00878C40 /* ZAGraphics */,
			);
		};
/* End PBXProject section */

/* Begin PBXResourcesBuildPhase section */
		A9A26269244467AC00878C40 /* Resources */ = {
			isa = PBXResourcesBuildPhase;
			buildActionMask = 2147483647;
			files = (
				A9A2627B244467AF00878C40 /* LaunchScreen.storyboard in Resources */,
				A9A26278244467AF00878C40 /* Assets.xcassets in Resources */,
				A9A26276244467AD00878C40 /* Main.storyboard in Resources */,
			);
			runOnlyForDeploymentPostprocessing = 0;
		};
/* End PBXResourcesBuildPhase section */

/* Begin PBXSourcesBuildPhase section */
		A9A26267244467AC00878C40 /* Sources */ = {
			isa = PBXSourcesBuildPhase;
			buildActionMask = 2147483647;
			files = (
				A9A2628724446E0000878C40 /* Shader.metal in Sources */,
				A9A26283244467F300878C40 /* MetalView.swift in Sources */,
				A9A26273244467AD00878C40 /* ViewController.swift in Sources */,
				A9A2626F244467AC00878C40 /* AppDelegate.swift in Sources */,
				A9A2628524446A2100878C40 /* Renderer.swift in Sources */,
				A9A26271244467AD00878C40 /* SceneDelegate.swift in Sources */,
			);
			runOnlyForDeploymentPostprocessing = 0;
		};
/* End PBXSourcesBuildPhase section */

/* Begin PBXVariantGroup section */
		A9A26274244467AD00878C40 /* Main.storyboard */ = {
			isa = PBXVariantGroup;
			children = (
				A9A26275244467AD00878C40 /* Base */,
			);
			name = Main.storyboard;
			sourceTree = "<group>";
		};
		A9A26279244467AF00878C40 /* LaunchScreen.storyboard */ = {
			isa = PBXVariantGroup;
			children = (
				A9A2627A244467AF00878C40 /* Base */,
			);
			name = LaunchScreen.storyboard;
			sourceTree = "<group>";
		};
/* End PBXVariantGroup section */

/* Begin XCBuildConfiguration section */
		A9A2627D244467AF00878C40 /* Debug */ = {
			isa = XCBuildConfiguration;
			buildSettings = {
				ALWAYS_SEARCH_USER_PATHS = NO;
				CLANG_ANALYZER_NONNULL = YES;
				CLANG_ANALYZER_NUMBER_OBJECT_CONVERSION = YES_AGGRESSIVE;
				CLANG_CXX_LANGUAGE_STANDARD = "gnu++14";
				CLANG_CXX_LIBRARY = "libc++";
				CLANG_ENABLE_MODULES = YES;
				CLANG_ENABLE_OBJC_ARC = YES;
				CLANG_ENABLE_OBJC_WEAK = YES;
				CLANG_WARN_BLOCK_CAPTURE_AUTORELEASING = YES;
				CLANG_WARN_BOOL_CONVERSION = YES;
				CLANG_WARN_COMMA = YES;
				CLANG_WARN_CONSTANT_CONVERSION = YES;
				CLANG_WARN_DEPRECATED_OBJC_IMPLEMENTATIONS = YES;
				CLANG_WARN_DIRECT_OBJC_ISA_USAGE = YES_ERROR;
				CLANG_WARN_DOCUMENTATION_COMMENTS = YES;
				CLANG_WARN_EMPTY_BODY = YES;
				CLANG_WARN_ENUM_CONVERSION = YES;
				CLANG_WARN_INFINITE_RECURSION = YES;
				CLANG_WARN_INT_CONVERSION = YES;
				CLANG_WARN_NON_LITERAL_NULL_CONVERSION = YES;
				CLANG_WARN_OBJC_IMPLICIT_RETAIN_SELF = YES;
				CLANG_WARN_OBJC_LITERAL_CONVERSION = YES;
				CLANG_WARN_OBJC_ROOT_CLASS = YES_ERROR;
				CLANG_WARN_RANGE_LOOP_ANALYSIS = YES;
				CLANG_WARN_STRICT_PROTOTYPES = YES;
				CLANG_WARN_SUSPICIOUS_MOVE = YES;
				CLANG_WARN_UNGUARDED_AVAILABILITY = YES_AGGRESSIVE;
				CLANG_WARN_UNREACHABLE_CODE = YES;
				CLANG_WARN__DUPLICATE_METHOD_MATCH = YES;
				COPY_PHASE_STRIP = NO;
				DEBUG_INFORMATION_FORMAT = dwarf;
				ENABLE_STRICT_OBJC_MSGSEND = YES;
				ENABLE_TESTABILITY = YES;
				GCC_C_LANGUAGE_STANDARD = gnu11;
				GCC_DYNAMIC_NO_PIC = NO;
				GCC_NO_COMMON_BLOCKS = YES;
				GCC_OPTIMIZATION_LEVEL = 0;
				GCC_PREPROCESSOR_DEFINITIONS = (
					"DEBUG=1",
					"$(inherited)",
				);
				GCC_WARN_64_TO_32_BIT_CONVERSION = YES;
				GCC_WARN_ABOUT_RETURN_TYPE = YES_ERROR;
				GCC_WARN_UNDECLARED_SELECTOR = YES;
				GCC_WARN_UNINITIALIZED_AUTOS = YES_AGGRESSIVE;
				GCC_WARN_UNUSED_FUNCTION = YES;
				GCC_WARN_UNUSED_VARIABLE = YES;
				IPHONEOS_DEPLOYMENT_TARGET = 13.4;
				MTL_ENABLE_DEBUG_INFO = INCLUDE_SOURCE;
				MTL_FAST_MATH = YES;
				ONLY_ACTIVE_ARCH = YES;
				SDKROOT = iphoneos;
				SWIFT_ACTIVE_COMPILATION_CONDITIONS = DEBUG;
				SWIFT_OPTIMIZATION_LEVEL = "-Onone";
			};
			name = Debug;
		};
		A9A2627E244467AF00878C40 /* Release */ = {
			isa = XCBuildConfiguration;
			buildSettings = {
				ALWAYS_SEARCH_USER_PATHS = NO;
				CLANG_ANALYZER_NONNULL = YES;
				CLANG_ANALYZER_NUMBER_OBJECT_CONVERSION = YES_AGGRESSIVE;
				CLANG_CXX_LANGUAGE_STANDARD = "gnu++14";
				CLANG_CXX_LIBRARY = "libc++";
				CLANG_ENABLE_MODULES = YES;
				CLANG_ENABLE_OBJC_ARC = YES;
				CLANG_ENABLE_OBJC_WEAK = YES;
				CLANG_WARN_BLOCK_CAPTURE_AUTORELEASING = YES;
				CLANG_WARN_BOOL_CONVERSION = YES;
				CLANG_WARN_COMMA = YES;
				CLANG_WARN_CONSTANT_CONVERSION = YES;
				CLANG_WARN_DEPRECATED_OBJC_IMPLEMENTATIONS = YES;
				CLANG_WARN_DIRECT_OBJC_ISA_USAGE = YES_ERROR;
				CLANG_WARN_DOCUMENTATION_COMMENTS = YES;
				CLANG_WARN_EMPTY_BODY = YES;
				CLANG_WARN_ENUM_CONVERSION = YES;
				CLANG_WARN_INFINITE_RECURSION = YES;
				CLANG_WARN_INT_CONVERSION = YES;
				CLANG_WARN_NON_LITERAL_NULL_CONVERSION = YES;
				CLANG_WARN_OBJC_IMPLICIT_RETAIN_SELF = YES;
				CLANG_WARN_OBJC_LITERAL_CONVERSION = YES;
				CLANG_WARN_OBJC_ROOT_CLASS = YES_ERROR;
				CLANG_WARN_RANGE_LOOP_ANALYSIS = YES;
				CLANG_WARN_STRICT_PROTOTYPES = YES;
				CLANG_WARN_SUSPICIOUS_MOVE = YES;
				CLANG_WARN_UNGUARDED_AVAILABILITY = YES_AGGRESSIVE;
				CLANG_WARN_UNREACHABLE_CODE = YES;
				CLANG_WARN__DUPLICATE_METHOD_MATCH = YES;
				COPY_PHASE_STRIP = NO;
				DEBUG_INFORMATION_FORMAT = "dwarf-with-dsym";
				ENABLE_NS_ASSERTIONS = NO;
				ENABLE_STRICT_OBJC_MSGSEND = YES;
				GCC_C_LANGUAGE_STANDARD = gnu11;
				GCC_NO_COMMON_BLOCKS = YES;
				GCC_WARN_64_TO_32_BIT_CONVERSION = YES;
				GCC_WARN_ABOUT_RETURN_TYPE = YES_ERROR;
				GCC_WARN_UNDECLARED_SELECTOR = YES;
				GCC_WARN_UNINITIALIZED_AUTOS = YES_AGGRESSIVE;
				GCC_WARN_UNUSED_FUNCTION = YES;
				GCC_WARN_UNUSED_VARIABLE = YES;
				IPHONEOS_DEPLOYMENT_TARGET = 13.4;
				MTL_ENABLE_DEBUG_INFO = NO;
				MTL_FAST_MATH = YES;
				SDKROOT = iphoneos;
				SWIFT_COMPILATION_MODE = wholemodule;
				SWIFT_OPTIMIZATION_LEVEL = "-O";
				VALIDATE_PRODUCT = YES;
			};
			name = Release;
		};
		A9A26280244467AF00878C40 /* Debug */ = {
			isa = XCBuildConfiguration;
			buildSettings = {
				ASSETCATALOG_COMPILER_APPICON_NAME = AppIcon;
				CODE_SIGN_STYLE = Automatic;
				DEVELOPMENT_TEAM = 22G4R8NLZU;
				INFOPLIST_FILE = ZAGraphics/Info.plist;
				LD_RUNPATH_SEARCH_PATHS = (
					"$(inherited)",
					"@executable_path/Frameworks",
				);
				PRODUCT_BUNDLE_IDENTIFIER = nguyenhongphuc98.ZAGraphics;
				PRODUCT_NAME = "$(TARGET_NAME)";
				SWIFT_VERSION = 5.0;
				TARGETED_DEVICE_FAMILY = "1,2";
			};
			name = Debug;
		};
		A9A26281244467AF00878C40 /* Release */ = {
			isa = XCBuildConfiguration;
			buildSettings = {
				ASSETCATALOG_COMPILER_APPICON_NAME = AppIcon;
				CODE_SIGN_STYLE = Automatic;
				DEVELOPMENT_TEAM = 22G4R8NLZU;
				INFOPLIST_FILE = ZAGraphics/Info.plist;
				LD_RUNPATH_SEARCH_PATHS = (
					"$(inherited)",
					"@executable_path/Frameworks",
				);
				PRODUCT_BUNDLE_IDENTIFIER = nguyenhongphuc98.ZAGraphics;
				PRODUCT_NAME = "$(TARGET_NAME)";
				SWIFT_VERSION = 5.0;
				TARGETED_DEVICE_FAMILY = "1,2";
			};
			name = Release;
		};
/* End XCBuildConfiguration section */

/* Begin XCConfigurationList section */
		A9A26266244467AC00878C40 /* Build configuration list for PBXProject "ZAGraphics" */ = {
			isa = XCConfigurationList;
			buildConfigurations = (
				A9A2627D244467AF00878C40 /* Debug */,
				A9A2627E244467AF00878C40 /* Release */,
			);
			defaultConfigurationIsVisible = 0;
			defaultConfigurationName = Release;
		};
		A9A2627F244467AF00878C40 /* Build configuration list for PBXNativeTarget "ZAGraphics" */ = {
			isa = XCConfigurationList;
			buildConfigurations = (
				A9A26280244467AF00878C40 /* Debug */,
				A9A26281244467AF00878C40 /* Release */,
			);
			defaultConfigurationIsVisible = 0;
			defaultConfigurationName = Release;
		};
/* End XCConfigurationList section */
	};
	rootObject = A9A26263244467AC00878C40 /* Project object */;
}
