// !$*UTF8*$!
{
	archiveVersion = 1;
	classes = {
	};
	objectVersion = 50;
	objects = {

/* Begin PBXBuildFile section */
		A9573CAF2446EB7A00796F58 /* Node.swift in Sources */ = {isa = PBXBuildFile; fileRef = A9573CAE2446EB7900796F58 /* Node.swift */; };
		A9573CB22446EC4A00796F58 /* Scene.swift in Sources */ = {isa = PBXBuildFile; fileRef = A9573CB12446EC4A00796F58 /* Scene.swift */; };
		A9573CB42446EC6A00796F58 /* Plane.swift in Sources */ = {isa = PBXBuildFile; fileRef = A9573CB32446EC6A00796F58 /* Plane.swift */; };
		A9573CB62446F19B00796F58 /* Primitive.swift in Sources */ = {isa = PBXBuildFile; fileRef = A9573CB52446F19B00796F58 /* Primitive.swift */; };
		A9573CB82446F91D00796F58 /* BasicScene.swift in Sources */ = {isa = PBXBuildFile; fileRef = A9573CB72446F91D00796F58 /* BasicScene.swift */; };
		A9573CBA2446FC7100796F58 /* Triangle.swift in Sources */ = {isa = PBXBuildFile; fileRef = A9573CB92446FC7100796F58 /* Triangle.swift */; };
		A9573CBD2447001000796F58 /* Maths.swift in Sources */ = {isa = PBXBuildFile; fileRef = A9573CBC2447001000796F58 /* Maths.swift */; };
		A9573CBF2447449800796F58 /* FloatExtension.swift in Sources */ = {isa = PBXBuildFile; fileRef = A9573CBE2447449800796F58 /* FloatExtension.swift */; };
		A9573CC1244759E400796F58 /* Cube.swift in Sources */ = {isa = PBXBuildFile; fileRef = A9573CC0244759E400796F58 /* Cube.swift */; };
		A962FFAC2456D01F00290AE3 /* PermisionViewController.swift in Sources */ = {isa = PBXBuildFile; fileRef = A962FFAB2456D01F00290AE3 /* PermisionViewController.swift */; };
		A962FFAE2456F53E00290AE3 /* ZAColorSketch.metal in Sources */ = {isa = PBXBuildFile; fileRef = A962FFAD2456F53E00290AE3 /* ZAColorSketch.metal */; };
		A962FFB02456F59B00290AE3 /* ZAColorSketch.swift in Sources */ = {isa = PBXBuildFile; fileRef = A962FFAF2456F59B00290AE3 /* ZAColorSketch.swift */; };
		A987D38324495B99004267BB /* Renderable.swift in Sources */ = {isa = PBXBuildFile; fileRef = A987D38224495B99004267BB /* Renderable.swift */; };
		A987D387244990D3004267BB /* Camera.swift in Sources */ = {isa = PBXBuildFile; fileRef = A987D386244990D3004267BB /* Camera.swift */; };
		A987D38924499893004267BB /* InputHandler.swift in Sources */ = {isa = PBXBuildFile; fileRef = A987D38824499893004267BB /* InputHandler.swift */; };
		A987D38B2449AE86004267BB /* Textureable.swift in Sources */ = {isa = PBXBuildFile; fileRef = A987D38A2449AE86004267BB /* Textureable.swift */; };
		A987D38E2449B9A2004267BB /* zalo.png in Resources */ = {isa = PBXBuildFile; fileRef = A987D38D2449B9A2004267BB /* zalo.png */; };
		A987D3902449B9FD004267BB /* zalo-icon.png in Resources */ = {isa = PBXBuildFile; fileRef = A987D38F2449B9FD004267BB /* zalo-icon.png */; };
		A9A2626F244467AC00878C40 /* AppDelegate.swift in Sources */ = {isa = PBXBuildFile; fileRef = A9A2626E244467AC00878C40 /* AppDelegate.swift */; };
		A9A26271244467AD00878C40 /* SceneDelegate.swift in Sources */ = {isa = PBXBuildFile; fileRef = A9A26270244467AD00878C40 /* SceneDelegate.swift */; };
		A9A26273244467AD00878C40 /* ViewController.swift in Sources */ = {isa = PBXBuildFile; fileRef = A9A26272244467AD00878C40 /* ViewController.swift */; };
		A9A26276244467AD00878C40 /* Main.storyboard in Resources */ = {isa = PBXBuildFile; fileRef = A9A26274244467AD00878C40 /* Main.storyboard */; };
		A9A26278244467AF00878C40 /* Assets.xcassets in Resources */ = {isa = PBXBuildFile; fileRef = A9A26277244467AF00878C40 /* Assets.xcassets */; };
		A9A2627B244467AF00878C40 /* LaunchScreen.storyboard in Resources */ = {isa = PBXBuildFile; fileRef = A9A26279244467AF00878C40 /* LaunchScreen.storyboard */; };
		A9A26283244467F300878C40 /* MetalView.swift in Sources */ = {isa = PBXBuildFile; fileRef = A9A26282244467F300878C40 /* MetalView.swift */; };
		A9A2628524446A2100878C40 /* Renderer.swift in Sources */ = {isa = PBXBuildFile; fileRef = A9A2628424446A2100878C40 /* Renderer.swift */; };
		A9A2628724446E0000878C40 /* Shader.metal in Sources */ = {isa = PBXBuildFile; fileRef = A9A2628624446E0000878C40 /* Shader.metal */; };
		A9A262892444768600878C40 /* Types.swift in Sources */ = {isa = PBXBuildFile; fileRef = A9A262882444768600878C40 /* Types.swift */; };
		A9C11D6E24503ED2008CD2DD /* ZATexture.swift in Sources */ = {isa = PBXBuildFile; fileRef = A9C11D6D24503ED2008CD2DD /* ZATexture.swift */; };
		A9C11D7024504378008CD2DD /* ZAColorInversion.swift in Sources */ = {isa = PBXBuildFile; fileRef = A9C11D6F24504378008CD2DD /* ZAColorInversion.swift */; };
		A9C11D72245043D3008CD2DD /* ZAOperation.swift in Sources */ = {isa = PBXBuildFile; fileRef = A9C11D71245043D3008CD2DD /* ZAOperation.swift */; };
		A9C11D7424504DD0008CD2DD /* ZAColorInversion.metal in Sources */ = {isa = PBXBuildFile; fileRef = A9C11D7324504DD0008CD2DD /* ZAColorInversion.metal */; };
		A9CB9E25244D59C500B3A15C /* ZACamera.swift in Sources */ = {isa = PBXBuildFile; fileRef = A9CB9E24244D59C500B3A15C /* ZACamera.swift */; };
		A9CB9E27244D5D1D00B3A15C /* ZACameraControllerViewController.swift in Sources */ = {isa = PBXBuildFile; fileRef = A9CB9E26244D5D1D00B3A15C /* ZACameraControllerViewController.swift */; };
		A9CB9E29244D603A00B3A15C /* ZACaptureButton.swift in Sources */ = {isa = PBXBuildFile; fileRef = A9CB9E28244D603A00B3A15C /* ZACaptureButton.swift */; };
/* End PBXBuildFile section */

/* Begin PBXFileReference section */
		A9573CAE2446EB7900796F58 /* Node.swift */ = {isa = PBXFileReference; lastKnownFileType = sourcecode.swift; path = Node.swift; sourceTree = "<group>"; };
		A9573CB12446EC4A00796F58 /* Scene.swift */ = {isa = PBXFileReference; lastKnownFileType = sourcecode.swift; path = Scene.swift; sourceTree = "<group>"; };
		A9573CB32446EC6A00796F58 /* Plane.swift */ = {isa = PBXFileReference; lastKnownFileType = sourcecode.swift; path = Plane.swift; sourceTree = "<group>"; };
		A9573CB52446F19B00796F58 /* Primitive.swift */ = {isa = PBXFileReference; lastKnownFileType = sourcecode.swift; path = Primitive.swift; sourceTree = "<group>"; };
		A9573CB72446F91D00796F58 /* BasicScene.swift */ = {isa = PBXFileReference; lastKnownFileType = sourcecode.swift; path = BasicScene.swift; sourceTree = "<group>"; };
		A9573CB92446FC7100796F58 /* Triangle.swift */ = {isa = PBXFileReference; lastKnownFileType = sourcecode.swift; path = Triangle.swift; sourceTree = "<group>"; };
		A9573CBC2447001000796F58 /* Maths.swift */ = {isa = PBXFileReference; lastKnownFileType = sourcecode.swift; path = Maths.swift; sourceTree = "<group>"; };
		A9573CBE2447449800796F58 /* FloatExtension.swift */ = {isa = PBXFileReference; lastKnownFileType = sourcecode.swift; path = FloatExtension.swift; sourceTree = "<group>"; };
		A9573CC0244759E400796F58 /* Cube.swift */ = {isa = PBXFileReference; lastKnownFileType = sourcecode.swift; path = Cube.swift; sourceTree = "<group>"; };
		A962FFAB2456D01F00290AE3 /* PermisionViewController.swift */ = {isa = PBXFileReference; lastKnownFileType = sourcecode.swift; path = PermisionViewController.swift; sourceTree = "<group>"; };
		A962FFAD2456F53E00290AE3 /* ZAColorSketch.metal */ = {isa = PBXFileReference; lastKnownFileType = sourcecode.metal; path = ZAColorSketch.metal; sourceTree = "<group>"; };
		A962FFAF2456F59B00290AE3 /* ZAColorSketch.swift */ = {isa = PBXFileReference; lastKnownFileType = sourcecode.swift; path = ZAColorSketch.swift; sourceTree = "<group>"; };
		A962FFB62456FAC700290AE3 /* ZAOperation.h */ = {isa = PBXFileReference; lastKnownFileType = sourcecode.c.h; path = ZAOperation.h; sourceTree = "<group>"; };
		A987D38224495B99004267BB /* Renderable.swift */ = {isa = PBXFileReference; lastKnownFileType = sourcecode.swift; path = Renderable.swift; sourceTree = "<group>"; };
		A987D386244990D3004267BB /* Camera.swift */ = {isa = PBXFileReference; lastKnownFileType = sourcecode.swift; path = Camera.swift; sourceTree = "<group>"; };
		A987D38824499893004267BB /* InputHandler.swift */ = {isa = PBXFileReference; lastKnownFileType = sourcecode.swift; path = InputHandler.swift; sourceTree = "<group>"; };
		A987D38A2449AE86004267BB /* Textureable.swift */ = {isa = PBXFileReference; lastKnownFileType = sourcecode.swift; path = Textureable.swift; sourceTree = "<group>"; };
		A987D38D2449B9A2004267BB /* zalo.png */ = {isa = PBXFileReference; lastKnownFileType = image.png; path = zalo.png; sourceTree = "<group>"; };
		A987D38F2449B9FD004267BB /* zalo-icon.png */ = {isa = PBXFileReference; lastKnownFileType = image.png; path = "zalo-icon.png"; sourceTree = "<group>"; };
		A9A2626B244467AC00878C40 /* ZAGraphics.app */ = {isa = PBXFileReference; explicitFileType = wrapper.application; includeInIndex = 0; path = ZAGraphics.app; sourceTree = BUILT_PRODUCTS_DIR; };
		A9A2626E244467AC00878C40 /* AppDelegate.swift */ = {isa = PBXFileReference; lastKnownFileType = sourcecode.swift; path = AppDelegate.swift; sourceTree = "<group>"; };
		A9A26270244467AD00878C40 /* SceneDelegate.swift */ = {isa = PBXFileReference; lastKnownFileType = sourcecode.swift; path = SceneDelegate.swift; sourceTree = "<group>"; };
		A9A26272244467AD00878C40 /* ViewController.swift */ = {isa = PBXFileReference; lastKnownFileType = sourcecode.swift; path = ViewController.swift; sourceTree = "<group>"; };
		A9A26275244467AD00878C40 /* Base */ = {isa = PBXFileReference; lastKnownFileType = file.storyboard; name = Base; path = Base.lproj/Main.storyboard; sourceTree = "<group>"; };
		A9A26277244467AF00878C40 /* Assets.xcassets */ = {isa = PBXFileReference; lastKnownFileType = folder.assetcatalog; path = Assets.xcassets; sourceTree = "<group>"; };
		A9A2627A244467AF00878C40 /* Base */ = {isa = PBXFileReference; lastKnownFileType = file.storyboard; name = Base; path = Base.lproj/LaunchScreen.storyboard; sourceTree = "<group>"; };
		A9A2627C244467AF00878C40 /* Info.plist */ = {isa = PBXFileReference; lastKnownFileType = text.plist.xml; path = Info.plist; sourceTree = "<group>"; };
		A9A26282244467F300878C40 /* MetalView.swift */ = {isa = PBXFileReference; lastKnownFileType = sourcecode.swift; path = MetalView.swift; sourceTree = "<group>"; };
		A9A2628424446A2100878C40 /* Renderer.swift */ = {isa = PBXFileReference; lastKnownFileType = sourcecode.swift; path = Renderer.swift; sourceTree = "<group>"; };
		A9A2628624446E0000878C40 /* Shader.metal */ = {isa = PBXFileReference; lastKnownFileType = sourcecode.metal; path = Shader.metal; sourceTree = "<group>"; };
		A9A262882444768600878C40 /* Types.swift */ = {isa = PBXFileReference; lastKnownFileType = sourcecode.swift; path = Types.swift; sourceTree = "<group>"; };
		A9C11D6D24503ED2008CD2DD /* ZATexture.swift */ = {isa = PBXFileReference; lastKnownFileType = sourcecode.swift; path = ZATexture.swift; sourceTree = "<group>"; };
		A9C11D6F24504378008CD2DD /* ZAColorInversion.swift */ = {isa = PBXFileReference; lastKnownFileType = sourcecode.swift; path = ZAColorInversion.swift; sourceTree = "<group>"; };
		A9C11D71245043D3008CD2DD /* ZAOperation.swift */ = {isa = PBXFileReference; lastKnownFileType = sourcecode.swift; path = ZAOperation.swift; sourceTree = "<group>"; };
		A9C11D7324504DD0008CD2DD /* ZAColorInversion.metal */ = {isa = PBXFileReference; lastKnownFileType = sourcecode.metal; path = ZAColorInversion.metal; sourceTree = "<group>"; };
		A9CB9E24244D59C500B3A15C /* ZACamera.swift */ = {isa = PBXFileReference; lastKnownFileType = sourcecode.swift; path = ZACamera.swift; sourceTree = "<group>"; };
		A9CB9E26244D5D1D00B3A15C /* ZACameraControllerViewController.swift */ = {isa = PBXFileReference; lastKnownFileType = sourcecode.swift; path = ZACameraControllerViewController.swift; sourceTree = "<group>"; };
		A9CB9E28244D603A00B3A15C /* ZACaptureButton.swift */ = {isa = PBXFileReference; lastKnownFileType = sourcecode.swift; path = ZACaptureButton.swift; sourceTree = "<group>"; };
/* End PBXFileReference section */

/* Begin PBXFrameworksBuildPhase section */
		A9A26268244467AC00878C40 /* Frameworks */ = {
			isa = PBXFrameworksBuildPhase;
			buildActionMask = 2147483647;
			files = (
			);
			runOnlyForDeploymentPostprocessing = 0;
		};
/* End PBXFrameworksBuildPhase section */

/* Begin PBXGroup section */
		A9573CAD2446EA3B00796F58 /* Node */ = {
			isa = PBXGroup;
			children = (
				A987D386244990D3004267BB /* Camera.swift */,
				A9573CAE2446EB7900796F58 /* Node.swift */,
				A9573CB32446EC6A00796F58 /* Plane.swift */,
				A9573CB52446F19B00796F58 /* Primitive.swift */,
				A9573CB92446FC7100796F58 /* Triangle.swift */,
				A9573CC0244759E400796F58 /* Cube.swift */,
			);
			path = Node;
			sourceTree = "<group>";
		};
		A9573CB02446EC3E00796F58 /* Scene */ = {
			isa = PBXGroup;
			children = (
				A9573CB12446EC4A00796F58 /* Scene.swift */,
				A9573CB72446F91D00796F58 /* BasicScene.swift */,
			);
			path = Scene;
			sourceTree = "<group>";
		};
		A9573CBB2447000300796F58 /* Maths */ = {
			isa = PBXGroup;
			children = (
				A9573CBC2447001000796F58 /* Maths.swift */,
				A9573CBE2447449800796F58 /* FloatExtension.swift */,
				A987D38824499893004267BB /* InputHandler.swift */,
			);
			path = Maths;
			sourceTree = "<group>";
		};
		A987D38C2449B995004267BB /* images */ = {
			isa = PBXGroup;
			children = (
				A987D38F2449B9FD004267BB /* zalo-icon.png */,
				A987D38D2449B9A2004267BB /* zalo.png */,
			);
			path = images;
			sourceTree = "<group>";
		};
		A9A26262244467AC00878C40 = {
			isa = PBXGroup;
			children = (
				A9A2626D244467AC00878C40 /* ZAGraphics */,
				A9A2626C244467AC00878C40 /* Products */,
			);
			sourceTree = "<group>";
		};
		A9A2626C244467AC00878C40 /* Products */ = {
			isa = PBXGroup;
			children = (
				A9A2626B244467AC00878C40 /* ZAGraphics.app */,
			);
			name = Products;
			sourceTree = "<group>";
		};
		A9A2626D244467AC00878C40 /* ZAGraphics */ = {
			isa = PBXGroup;
			children = (
				A9CB9E23244D593000B3A15C /* Camera */,
				A9CB9E22244D591800B3A15C /* Metal */,
				A987D38C2449B995004267BB /* images */,
				A9573CBB2447000300796F58 /* Maths */,
				A9573CB02446EC3E00796F58 /* Scene */,
				A9573CAD2446EA3B00796F58 /* Node */,
				A9A2626E244467AC00878C40 /* AppDelegate.swift */,
				A9A26270244467AD00878C40 /* SceneDelegate.swift */,
				A9A26272244467AD00878C40 /* ViewController.swift */,
				A962FFAB2456D01F00290AE3 /* PermisionViewController.swift */,
				A9A26274244467AD00878C40 /* Main.storyboard */,
				A9A26277244467AF00878C40 /* Assets.xcassets */,
				A9A26279244467AF00878C40 /* LaunchScreen.storyboard */,
				A9A2627C244467AF00878C40 /* Info.plist */,
			);
			path = ZAGraphics;
			sourceTree = "<group>";
		};
		A9CB9E22244D591800B3A15C /* Metal */ = {
			isa = PBXGroup;
			children = (
				A9A26282244467F300878C40 /* MetalView.swift */,
				A9A2628424446A2100878C40 /* Renderer.swift */,
				A9A2628624446E0000878C40 /* Shader.metal */,
				A9A262882444768600878C40 /* Types.swift */,
				A987D38224495B99004267BB /* Renderable.swift */,
				A987D38A2449AE86004267BB /* Textureable.swift */,
			);
			path = Metal;
			sourceTree = "<group>";
		};
		A9CB9E23244D593000B3A15C /* Camera */ = {
			isa = PBXGroup;
			children = (
				A9CB9E24244D59C500B3A15C /* ZACamera.swift */,
				A9CB9E26244D5D1D00B3A15C /* ZACameraControllerViewController.swift */,
				A9CB9E28244D603A00B3A15C /* ZACaptureButton.swift */,
				A9C11D6D24503ED2008CD2DD /* ZATexture.swift */,
				A9C11D71245043D3008CD2DD /* ZAOperation.swift */,
				A9C11D6F24504378008CD2DD /* ZAColorInversion.swift */,
				A9C11D7324504DD0008CD2DD /* ZAColorInversion.metal */,
				A962FFAD2456F53E00290AE3 /* ZAColorSketch.metal */,
				A962FFAF2456F59B00290AE3 /* ZAColorSketch.swift */,
				A962FFB62456FAC700290AE3 /* ZAOperation.h */,
			);
			path = Camera;
			sourceTree = "<group>";
		};
/* End PBXGroup section */

/* Begin PBXNativeTarget section */
		A9A2626A244467AC00878C40 /* ZAGraphics */ = {
			isa = PBXNativeTarget;
			buildConfigurationList = A9A2627F244467AF00878C40 /* Build configuration list for PBXNativeTarget "ZAGraphics" */;
			buildPhases = (
				A9A26267244467AC00878C40 /* Sources */,
				A9A26268244467AC00878C40 /* Frameworks */,
				A9A26269244467AC00878C40 /* Resources */,
			);
			buildRules = (
			);
			dependencies = (
			);
			name = ZAGraphics;
			productName = ZAGraphics;
			productReference = A9A2626B244467AC00878C40 /* ZAGraphics.app */;
			productType = "com.apple.product-type.application";
		};
/* End PBXNativeTarget section */

/* Begin PBXProject section */
		A9A26263244467AC00878C40 /* Project object */ = {
			isa = PBXProject;
			attributes = {
				LastSwiftUpdateCheck = 1140;
				LastUpgradeCheck = 1140;
				ORGANIZATIONNAME = phucnh7;
				TargetAttributes = {
					A9A2626A244467AC00878C40 = {
						CreatedOnToolsVersion = 11.4;
						LastSwiftMigration = 1140;
					};
				};
			};
			buildConfigurationList = A9A26266244467AC00878C40 /* Build configuration list for PBXProject "ZAGraphics" */;
			compatibilityVersion = "Xcode 9.3";
			developmentRegion = en;
			hasScannedForEncodings = 0;
			knownRegions = (
				en,
				Base,
			);
			mainGroup = A9A26262244467AC00878C40;
			productRefGroup = A9A2626C244467AC00878C40 /* Products */;
			projectDirPath = "";
			projectRoot = "";
			targets = (
				A9A2626A244467AC00878C40 /* ZAGraphics */,
			);
		};
/* End PBXProject section */

/* Begin PBXResourcesBuildPhase section */
		A9A26269244467AC00878C40 /* Resources */ = {
			isa = PBXResourcesBuildPhase;
			buildActionMask = 2147483647;
			files = (
				A987D3902449B9FD004267BB /* zalo-icon.png in Resources */,
				A9A2627B244467AF00878C40 /* LaunchScreen.storyboard in Resources */,
				A987D38E2449B9A2004267BB /* zalo.png in Resources */,
				A9A26278244467AF00878C40 /* Assets.xcassets in Resources */,
				A9A26276244467AD00878C40 /* Main.storyboard in Resources */,
			);
			runOnlyForDeploymentPostprocessing = 0;
		};
/* End PBXResourcesBuildPhase section */

/* Begin PBXSourcesBuildPhase section */
		A9A26267244467AC00878C40 /* Sources */ = {
			isa = PBXSourcesBuildPhase;
			buildActionMask = 2147483647;
			files = (
				A987D38324495B99004267BB /* Renderable.swift in Sources */,
				A962FFAC2456D01F00290AE3 /* PermisionViewController.swift in Sources */,
				A9A2628724446E0000878C40 /* Shader.metal in Sources */,
				A9573CBA2446FC7100796F58 /* Triangle.swift in Sources */,
				A9A26283244467F300878C40 /* MetalView.swift in Sources */,
				A9573CB42446EC6A00796F58 /* Plane.swift in Sources */,
				A987D38B2449AE86004267BB /* Textureable.swift in Sources */,
				A9C11D6E24503ED2008CD2DD /* ZATexture.swift in Sources */,
				A9573CC1244759E400796F58 /* Cube.swift in Sources */,
				A9573CB82446F91D00796F58 /* BasicScene.swift in Sources */,
				A9CB9E27244D5D1D00B3A15C /* ZACameraControllerViewController.swift in Sources */,
				A9573CB62446F19B00796F58 /* Primitive.swift in Sources */,
				A987D387244990D3004267BB /* Camera.swift in Sources */,
				A9A26273244467AD00878C40 /* ViewController.swift in Sources */,
				A9573CAF2446EB7A00796F58 /* Node.swift in Sources */,
				A9C11D7424504DD0008CD2DD /* ZAColorInversion.metal in Sources */,
				A962FFAE2456F53E00290AE3 /* ZAColorSketch.metal in Sources */,
				A9CB9E29244D603A00B3A15C /* ZACaptureButton.swift in Sources */,
				A9CB9E25244D59C500B3A15C /* ZACamera.swift in Sources */,
				A9C11D72245043D3008CD2DD /* ZAOperation.swift in Sources */,
				A9573CBF2447449800796F58 /* FloatExtension.swift in Sources */,
				A9A262892444768600878C40 /* Types.swift in Sources */,
				A962FFB02456F59B00290AE3 /* ZAColorSketch.swift in Sources */,
				A9A2626F244467AC00878C40 /* AppDelegate.swift in Sources */,
				A9A2628524446A2100878C40 /* Renderer.swift in Sources */,
				A9C11D7024504378008CD2DD /* ZAColorInversion.swift in Sources */,
				A9573CBD2447001000796F58 /* Maths.swift in Sources */,
				A9A26271244467AD00878C40 /* SceneDelegate.swift in Sources */,
				A9573CB22446EC4A00796F58 /* Scene.swift in Sources */,
				A987D38924499893004267BB /* InputHandler.swift in Sources */,
			);
			runOnlyForDeploymentPostprocessing = 0;
		};
/* End PBXSourcesBuildPhase section */

/* Begin PBXVariantGroup section */
		A9A26274244467AD00878C40 /* Main.storyboard */ = {
			isa = PBXVariantGroup;
			children = (
				A9A26275244467AD00878C40 /* Base */,
			);
			name = Main.storyboard;
			sourceTree = "<group>";
		};
		A9A26279244467AF00878C40 /* LaunchScreen.storyboard */ = {
			isa = PBXVariantGroup;
			children = (
				A9A2627A244467AF00878C40 /* Base */,
			);
			name = LaunchScreen.storyboard;
			sourceTree = "<group>";
		};
/* End PBXVariantGroup section */

/* Begin XCBuildConfiguration section */
		A9A2627D244467AF00878C40 /* Debug */ = {
			isa = XCBuildConfiguration;
			buildSettings = {
				ALWAYS_SEARCH_USER_PATHS = NO;
				CLANG_ANALYZER_NONNULL = YES;
				CLANG_ANALYZER_NUMBER_OBJECT_CONVERSION = YES_AGGRESSIVE;
				CLANG_CXX_LANGUAGE_STANDARD = "gnu++14";
				CLANG_CXX_LIBRARY = "libc++";
				CLANG_ENABLE_MODULES = YES;
				CLANG_ENABLE_OBJC_ARC = YES;
				CLANG_ENABLE_OBJC_WEAK = YES;
				CLANG_WARN_BLOCK_CAPTURE_AUTORELEASING = YES;
				CLANG_WARN_BOOL_CONVERSION = YES;
				CLANG_WARN_COMMA = YES;
				CLANG_WARN_CONSTANT_CONVERSION = YES;
				CLANG_WARN_DEPRECATED_OBJC_IMPLEMENTATIONS = YES;
				CLANG_WARN_DIRECT_OBJC_ISA_USAGE = YES_ERROR;
				CLANG_WARN_DOCUMENTATION_COMMENTS = YES;
				CLANG_WARN_EMPTY_BODY = YES;
				CLANG_WARN_ENUM_CONVERSION = YES;
				CLANG_WARN_INFINITE_RECURSION = YES;
				CLANG_WARN_INT_CONVERSION = YES;
				CLANG_WARN_NON_LITERAL_NULL_CONVERSION = YES;
				CLANG_WARN_OBJC_IMPLICIT_RETAIN_SELF = YES;
				CLANG_WARN_OBJC_LITERAL_CONVERSION = YES;
				CLANG_WARN_OBJC_ROOT_CLASS = YES_ERROR;
				CLANG_WARN_RANGE_LOOP_ANALYSIS = YES;
				CLANG_WARN_STRICT_PROTOTYPES = YES;
				CLANG_WARN_SUSPICIOUS_MOVE = YES;
				CLANG_WARN_UNGUARDED_AVAILABILITY = YES_AGGRESSIVE;
				CLANG_WARN_UNREACHABLE_CODE = YES;
				CLANG_WARN__DUPLICATE_METHOD_MATCH = YES;
				COPY_PHASE_STRIP = NO;
				DEBUG_INFORMATION_FORMAT = dwarf;
				ENABLE_STRICT_OBJC_MSGSEND = YES;
				ENABLE_TESTABILITY = YES;
				GCC_C_LANGUAGE_STANDARD = gnu11;
				GCC_DYNAMIC_NO_PIC = NO;
				GCC_NO_COMMON_BLOCKS = YES;
				GCC_OPTIMIZATION_LEVEL = 0;
				GCC_PREPROCESSOR_DEFINITIONS = (
					"DEBUG=1",
					"$(inherited)",
				);
				GCC_WARN_64_TO_32_BIT_CONVERSION = YES;
				GCC_WARN_ABOUT_RETURN_TYPE = YES_ERROR;
				GCC_WARN_UNDECLARED_SELECTOR = YES;
				GCC_WARN_UNINITIALIZED_AUTOS = YES_AGGRESSIVE;
				GCC_WARN_UNUSED_FUNCTION = YES;
				GCC_WARN_UNUSED_VARIABLE = YES;
				IPHONEOS_DEPLOYMENT_TARGET = 13.0;
				MTL_ENABLE_DEBUG_INFO = INCLUDE_SOURCE;
				MTL_FAST_MATH = YES;
				ONLY_ACTIVE_ARCH = YES;
				SDKROOT = iphoneos;
				SWIFT_ACTIVE_COMPILATION_CONDITIONS = DEBUG;
				SWIFT_OPTIMIZATION_LEVEL = "-Onone";
				SWIFT_VERSION = 4.2;
			};
			name = Debug;
		};
		A9A2627E244467AF00878C40 /* Release */ = {
			isa = XCBuildConfiguration;
			buildSettings = {
				ALWAYS_SEARCH_USER_PATHS = NO;
				CLANG_ANALYZER_NONNULL = YES;
				CLANG_ANALYZER_NUMBER_OBJECT_CONVERSION = YES_AGGRESSIVE;
				CLANG_CXX_LANGUAGE_STANDARD = "gnu++14";
				CLANG_CXX_LIBRARY = "libc++";
				CLANG_ENABLE_MODULES = YES;
				CLANG_ENABLE_OBJC_ARC = YES;
				CLANG_ENABLE_OBJC_WEAK = YES;
				CLANG_WARN_BLOCK_CAPTURE_AUTORELEASING = YES;
				CLANG_WARN_BOOL_CONVERSION = YES;
				CLANG_WARN_COMMA = YES;
				CLANG_WARN_CONSTANT_CONVERSION = YES;
				CLANG_WARN_DEPRECATED_OBJC_IMPLEMENTATIONS = YES;
				CLANG_WARN_DIRECT_OBJC_ISA_USAGE = YES_ERROR;
				CLANG_WARN_DOCUMENTATION_COMMENTS = YES;
				CLANG_WARN_EMPTY_BODY = YES;
				CLANG_WARN_ENUM_CONVERSION = YES;
				CLANG_WARN_INFINITE_RECURSION = YES;
				CLANG_WARN_INT_CONVERSION = YES;
				CLANG_WARN_NON_LITERAL_NULL_CONVERSION = YES;
				CLANG_WARN_OBJC_IMPLICIT_RETAIN_SELF = YES;
				CLANG_WARN_OBJC_LITERAL_CONVERSION = YES;
				CLANG_WARN_OBJC_ROOT_CLASS = YES_ERROR;
				CLANG_WARN_RANGE_LOOP_ANALYSIS = YES;
				CLANG_WARN_STRICT_PROTOTYPES = YES;
				CLANG_WARN_SUSPICIOUS_MOVE = YES;
				CLANG_WARN_UNGUARDED_AVAILABILITY = YES_AGGRESSIVE;
				CLANG_WARN_UNREACHABLE_CODE = YES;
				CLANG_WARN__DUPLICATE_METHOD_MATCH = YES;
				COPY_PHASE_STRIP = NO;
				DEBUG_INFORMATION_FORMAT = "dwarf-with-dsym";
				ENABLE_NS_ASSERTIONS = NO;
				ENABLE_STRICT_OBJC_MSGSEND = YES;
				GCC_C_LANGUAGE_STANDARD = gnu11;
				GCC_NO_COMMON_BLOCKS = YES;
				GCC_WARN_64_TO_32_BIT_CONVERSION = YES;
				GCC_WARN_ABOUT_RETURN_TYPE = YES_ERROR;
				GCC_WARN_UNDECLARED_SELECTOR = YES;
				GCC_WARN_UNINITIALIZED_AUTOS = YES_AGGRESSIVE;
				GCC_WARN_UNUSED_FUNCTION = YES;
				GCC_WARN_UNUSED_VARIABLE = YES;
				IPHONEOS_DEPLOYMENT_TARGET = 13.0;
				MTL_ENABLE_DEBUG_INFO = NO;
				MTL_FAST_MATH = YES;
				SDKROOT = iphoneos;
				SWIFT_COMPILATION_MODE = wholemodule;
				SWIFT_OPTIMIZATION_LEVEL = "-O";
				SWIFT_VERSION = 4.2;
				VALIDATE_PRODUCT = YES;
			};
			name = Release;
		};
		A9A26280244467AF00878C40 /* Debug */ = {
			isa = XCBuildConfiguration;
			buildSettings = {
				ASSETCATALOG_COMPILER_APPICON_NAME = AppIcon;
				CLANG_ENABLE_MODULES = YES;
				CODE_SIGN_STYLE = Automatic;
				DEVELOPMENT_TEAM = 22G4R8NLZU;
				INFOPLIST_FILE = ZAGraphics/Info.plist;
				LD_RUNPATH_SEARCH_PATHS = (
					"$(inherited)",
					"@executable_path/Frameworks",
				);
				PRODUCT_BUNDLE_IDENTIFIER = nguyenhongphuc98.ZAGraphics;
				PRODUCT_NAME = "$(TARGET_NAME)";
				SWIFT_OBJC_BRIDGING_HEADER = "";
				SWIFT_OPTIMIZATION_LEVEL = "-Onone";
				SWIFT_VERSION = 4.2;
				TARGETED_DEVICE_FAMILY = "1,2";
			};
			name = Debug;
		};
		A9A26281244467AF00878C40 /* Release */ = {
			isa = XCBuildConfiguration;
			buildSettings = {
				ASSETCATALOG_COMPILER_APPICON_NAME = AppIcon;
				CLANG_ENABLE_MODULES = YES;
				CODE_SIGN_STYLE = Automatic;
				DEVELOPMENT_TEAM = 22G4R8NLZU;
				INFOPLIST_FILE = ZAGraphics/Info.plist;
				LD_RUNPATH_SEARCH_PATHS = (
					"$(inherited)",
					"@executable_path/Frameworks",
				);
				PRODUCT_BUNDLE_IDENTIFIER = nguyenhongphuc98.ZAGraphics;
				PRODUCT_NAME = "$(TARGET_NAME)";
				SWIFT_OBJC_BRIDGING_HEADER = "";
				SWIFT_VERSION = 4.2;
				TARGETED_DEVICE_FAMILY = "1,2";
			};
			name = Release;
		};
/* End XCBuildConfiguration section */

/* Begin XCConfigurationList section */
		A9A26266244467AC00878C40 /* Build configuration list for PBXProject "ZAGraphics" */ = {
			isa = XCConfigurationList;
			buildConfigurations = (
				A9A2627D244467AF00878C40 /* Debug */,
				A9A2627E244467AF00878C40 /* Release */,
			);
			defaultConfigurationIsVisible = 0;
			defaultConfigurationName = Release;
		};
		A9A2627F244467AF00878C40 /* Build configuration list for PBXNativeTarget "ZAGraphics" */ = {
			isa = XCConfigurationList;
			buildConfigurations = (
				A9A26280244467AF00878C40 /* Debug */,
				A9A26281244467AF00878C40 /* Release */,
			);
			defaultConfigurationIsVisible = 0;
			defaultConfigurationName = Release;
		};
/* End XCConfigurationList section */
	};
	rootObject = A9A26263244467AC00878C40 /* Project object */;
}
